// !$*UTF8*$!
{
	archiveVersion = 1;
	classes = {
	};
	objectVersion = 77;
	objects = {

/* Begin PBXContainerItemProxy section */
		03EFA0BA2CDE683C0090FBC5 /* PBXContainerItemProxy */ = {
			isa = PBXContainerItemProxy;
			containerPortal = 03EFA0A12CDE683B0090FBC5 /* Project object */;
			proxyType = 1;
			remoteGlobalIDString = 03EFA0A82CDE683B0090FBC5;
			remoteInfo = SleepEase;
		};
		03EFA0C42CDE683C0090FBC5 /* PBXContainerItemProxy */ = {
			isa = PBXContainerItemProxy;
			containerPortal = 03EFA0A12CDE683B0090FBC5 /* Project object */;
			proxyType = 1;
			remoteGlobalIDString = 03EFA0A82CDE683B0090FBC5;
			remoteInfo = SleepEase;
		};
/* End PBXContainerItemProxy section */

/* Begin PBXFileReference section */
		03EFA0A92CDE683B0090FBC5 /* SleepEase.app */ = {isa = PBXFileReference; explicitFileType = wrapper.application; includeInIndex = 0; path = SleepEase.app; sourceTree = BUILT_PRODUCTS_DIR; };
		03EFA0B92CDE683C0090FBC5 /* SleepEaseTests.xctest */ = {isa = PBXFileReference; explicitFileType = wrapper.cfbundle; includeInIndex = 0; path = SleepEaseTests.xctest; sourceTree = BUILT_PRODUCTS_DIR; };
		03EFA0C32CDE683C0090FBC5 /* SleepEaseUITests.xctest */ = {isa = PBXFileReference; explicitFileType = wrapper.cfbundle; includeInIndex = 0; path = SleepEaseUITests.xctest; sourceTree = BUILT_PRODUCTS_DIR; };
/* End PBXFileReference section */

/* Begin PBXFileSystemSynchronizedRootGroup section */
		03EFA0AB2CDE683B0090FBC5 /* SleepEase */ = {
			isa = PBXFileSystemSynchronizedRootGroup;
			path = SleepEase;
			sourceTree = "<group>";
		};
		03EFA0BC2CDE683C0090FBC5 /* SleepEaseTests */ = {
			isa = PBXFileSystemSynchronizedRootGroup;
			path = SleepEaseTests;
			sourceTree = "<group>";
		};
		03EFA0C62CDE683C0090FBC5 /* SleepEaseUITests */ = {
			isa = PBXFileSystemSynchronizedRootGroup;
			path = SleepEaseUITests;
			sourceTree = "<group>";
		};
/* End PBXFileSystemSynchronizedRootGroup section */

/* Begin PBXFrameworksBuildPhase section */
		03EFA0A62CDE683B0090FBC5 /* Frameworks */ = {
			isa = PBXFrameworksBuildPhase;
			buildActionMask = 2147483647;
			files = (
			);
			runOnlyForDeploymentPostprocessing = 0;
		};
		03EFA0B62CDE683C0090FBC5 /* Frameworks */ = {
			isa = PBXFrameworksBuildPhase;
			buildActionMask = 2147483647;
			files = (
			);
			runOnlyForDeploymentPostprocessing = 0;
		};
		03EFA0C02CDE683C0090FBC5 /* Frameworks */ = {
			isa = PBXFrameworksBuildPhase;
			buildActionMask = 2147483647;
			files = (
			);
			runOnlyForDeploymentPostprocessing = 0;
		};
/* End PBXFrameworksBuildPhase section */

/* Begin PBXGroup section */
		03EFA0A02CDE683B0090FBC5 = {
			isa = PBXGroup;
			children = (
				03EFA0AB2CDE683B0090FBC5 /* SleepEase */,
				03EFA0BC2CDE683C0090FBC5 /* SleepEaseTests */,
				03EFA0C62CDE683C0090FBC5 /* SleepEaseUITests */,
				03EFA0AA2CDE683B0090FBC5 /* Products */,
			);
			sourceTree = "<group>";
		};
		03EFA0AA2CDE683B0090FBC5 /* Products */ = {
			isa = PBXGroup;
			children = (
				03EFA0A92CDE683B0090FBC5 /* SleepEase.app */,
				03EFA0B92CDE683C0090FBC5 /* SleepEaseTests.xctest */,
				03EFA0C32CDE683C0090FBC5 /* SleepEaseUITests.xctest */,
			);
			name = Products;
			sourceTree = "<group>";
		};
/* End PBXGroup section */

/* Begin PBXNativeTarget section */
		03EFA0A82CDE683B0090FBC5 /* SleepEase */ = {
			isa = PBXNativeTarget;
			buildConfigurationList = 03EFA0CD2CDE683C0090FBC5 /* Build configuration list for PBXNativeTarget "SleepEase" */;
			buildPhases = (
				03EFA0A52CDE683B0090FBC5 /* Sources */,
				03EFA0A62CDE683B0090FBC5 /* Frameworks */,
				03EFA0A72CDE683B0090FBC5 /* Resources */,
			);
			buildRules = (
			);
			dependencies = (
			);
			fileSystemSynchronizedGroups = (
				03EFA0AB2CDE683B0090FBC5 /* SleepEase */,
			);
			name = SleepEase;
			packageProductDependencies = (
			);
			productName = SleepEase;
			productReference = 03EFA0A92CDE683B0090FBC5 /* SleepEase.app */;
			productType = "com.apple.product-type.application";
		};
		03EFA0B82CDE683C0090FBC5 /* SleepEaseTests */ = {
			isa = PBXNativeTarget;
			buildConfigurationList = 03EFA0D02CDE683C0090FBC5 /* Build configuration list for PBXNativeTarget "SleepEaseTests" */;
			buildPhases = (
				03EFA0B52CDE683C0090FBC5 /* Sources */,
				03EFA0B62CDE683C0090FBC5 /* Frameworks */,
				03EFA0B72CDE683C0090FBC5 /* Resources */,
			);
			buildRules = (
			);
			dependencies = (
				03EFA0BB2CDE683C0090FBC5 /* PBXTargetDependency */,
			);
			fileSystemSynchronizedGroups = (
				03EFA0BC2CDE683C0090FBC5 /* SleepEaseTests */,
			);
			name = SleepEaseTests;
			packageProductDependencies = (
			);
			productName = SleepEaseTests;
			productReference = 03EFA0B92CDE683C0090FBC5 /* SleepEaseTests.xctest */;
			productType = "com.apple.product-type.bundle.unit-test";
		};
		03EFA0C22CDE683C0090FBC5 /* SleepEaseUITests */ = {
			isa = PBXNativeTarget;
			buildConfigurationList = 03EFA0D32CDE683C0090FBC5 /* Build configuration list for PBXNativeTarget "SleepEaseUITests" */;
			buildPhases = (
				03EFA0BF2CDE683C0090FBC5 /* Sources */,
				03EFA0C02CDE683C0090FBC5 /* Frameworks */,
				03EFA0C12CDE683C0090FBC5 /* Resources */,
			);
			buildRules = (
			);
			dependencies = (
				03EFA0C52CDE683C0090FBC5 /* PBXTargetDependency */,
			);
			fileSystemSynchronizedGroups = (
				03EFA0C62CDE683C0090FBC5 /* SleepEaseUITests */,
			);
			name = SleepEaseUITests;
			packageProductDependencies = (
			);
			productName = SleepEaseUITests;
			productReference = 03EFA0C32CDE683C0090FBC5 /* SleepEaseUITests.xctest */;
			productType = "com.apple.product-type.bundle.ui-testing";
		};
/* End PBXNativeTarget section */

/* Begin PBXProject section */
		03EFA0A12CDE683B0090FBC5 /* Project object */ = {
			isa = PBXProject;
			attributes = {
				BuildIndependentTargetsInParallel = 1;
				LastSwiftUpdateCheck = 1610;
				LastUpgradeCheck = 1610;
				TargetAttributes = {
					03EFA0A82CDE683B0090FBC5 = {
						CreatedOnToolsVersion = 16.1;
					};
					03EFA0B82CDE683C0090FBC5 = {
						CreatedOnToolsVersion = 16.1;
						TestTargetID = 03EFA0A82CDE683B0090FBC5;
					};
					03EFA0C22CDE683C0090FBC5 = {
						CreatedOnToolsVersion = 16.1;
						TestTargetID = 03EFA0A82CDE683B0090FBC5;
					};
				};
			};
			buildConfigurationList = 03EFA0A42CDE683B0090FBC5 /* Build configuration list for PBXProject "SleepEase" */;
			developmentRegion = en;
			hasScannedForEncodings = 0;
			knownRegions = (
				en,
				Base,
			);
			mainGroup = 03EFA0A02CDE683B0090FBC5;
			minimizedProjectReferenceProxies = 1;
			preferredProjectObjectVersion = 77;
			productRefGroup = 03EFA0AA2CDE683B0090FBC5 /* Products */;
			projectDirPath = "";
			projectRoot = "";
			targets = (
				03EFA0A82CDE683B0090FBC5 /* SleepEase */,
				03EFA0B82CDE683C0090FBC5 /* SleepEaseTests */,
				03EFA0C22CDE683C0090FBC5 /* SleepEaseUITests */,
			);
		};
/* End PBXProject section */

/* Begin PBXResourcesBuildPhase section */
		03EFA0A72CDE683B0090FBC5 /* Resources */ = {
			isa = PBXResourcesBuildPhase;
			buildActionMask = 2147483647;
			files = (
			);
			runOnlyForDeploymentPostprocessing = 0;
		};
		03EFA0B72CDE683C0090FBC5 /* Resources */ = {
			isa = PBXResourcesBuildPhase;
			buildActionMask = 2147483647;
			files = (
			);
			runOnlyForDeploymentPostprocessing = 0;
		};
		03EFA0C12CDE683C0090FBC5 /* Resources */ = {
			isa = PBXResourcesBuildPhase;
			buildActionMask = 2147483647;
			files = (
			);
			runOnlyForDeploymentPostprocessing = 0;
		};
/* End PBXResourcesBuildPhase section */

/* Begin PBXSourcesBuildPhase section */
		03EFA0A52CDE683B0090FBC5 /* Sources */ = {
			isa = PBXSourcesBuildPhase;
			buildActionMask = 2147483647;
			files = (
			);
			runOnlyForDeploymentPostprocessing = 0;
		};
		03EFA0B52CDE683C0090FBC5 /* Sources */ = {
			isa = PBXSourcesBuildPhase;
			buildActionMask = 2147483647;
			files = (
			);
			runOnlyForDeploymentPostprocessing = 0;
		};
		03EFA0BF2CDE683C0090FBC5 /* Sources */ = {
			isa = PBXSourcesBuildPhase;
			buildActionMask = 2147483647;
			files = (
			);
			runOnlyForDeploymentPostprocessing = 0;
		};
/* End PBXSourcesBuildPhase section */

/* Begin PBXTargetDependency section */
		03EFA0BB2CDE683C0090FBC5 /* PBXTargetDependency */ = {
			isa = PBXTargetDependency;
			target = 03EFA0A82CDE683B0090FBC5 /* SleepEase */;
			targetProxy = 03EFA0BA2CDE683C0090FBC5 /* PBXContainerItemProxy */;
		};
		03EFA0C52CDE683C0090FBC5 /* PBXTargetDependency */ = {
			isa = PBXTargetDependency;
			target = 03EFA0A82CDE683B0090FBC5 /* SleepEase */;
			targetProxy = 03EFA0C42CDE683C0090FBC5 /* PBXContainerItemProxy */;
		};
/* End PBXTargetDependency section */

/* Begin XCBuildConfiguration section */
		03EFA0CB2CDE683C0090FBC5 /* Debug */ = {
			isa = XCBuildConfiguration;
			buildSettings = {
				ALWAYS_SEARCH_USER_PATHS = NO;
				ASSETCATALOG_COMPILER_GENERATE_SWIFT_ASSET_SYMBOL_EXTENSIONS = YES;
				CLANG_ANALYZER_NONNULL = YES;
				CLANG_ANALYZER_NUMBER_OBJECT_CONVERSION = YES_AGGRESSIVE;
				CLANG_CXX_LANGUAGE_STANDARD = "gnu++20";
				CLANG_ENABLE_MODULES = YES;
				CLANG_ENABLE_OBJC_ARC = YES;
				CLANG_ENABLE_OBJC_WEAK = YES;
				CLANG_WARN_BLOCK_CAPTURE_AUTORELEASING = YES;
				CLANG_WARN_BOOL_CONVERSION = YES;
				CLANG_WARN_COMMA = YES;
				CLANG_WARN_CONSTANT_CONVERSION = YES;
				CLANG_WARN_DEPRECATED_OBJC_IMPLEMENTATIONS = YES;
				CLANG_WARN_DIRECT_OBJC_ISA_USAGE = YES_ERROR;
				CLANG_WARN_DOCUMENTATION_COMMENTS = YES;
				CLANG_WARN_EMPTY_BODY = YES;
				CLANG_WARN_ENUM_CONVERSION = YES;
				CLANG_WARN_INFINITE_RECURSION = YES;
				CLANG_WARN_INT_CONVERSION = YES;
				CLANG_WARN_NON_LITERAL_NULL_CONVERSION = YES;
				CLANG_WARN_OBJC_IMPLICIT_RETAIN_SELF = YES;
				CLANG_WARN_OBJC_LITERAL_CONVERSION = YES;
				CLANG_WARN_OBJC_ROOT_CLASS = YES_ERROR;
				CLANG_WARN_QUOTED_INCLUDE_IN_FRAMEWORK_HEADER = YES;
				CLANG_WARN_RANGE_LOOP_ANALYSIS = YES;
				CLANG_WARN_STRICT_PROTOTYPES = YES;
				CLANG_WARN_SUSPICIOUS_MOVE = YES;
				CLANG_WARN_UNGUARDED_AVAILABILITY = YES_AGGRESSIVE;
				CLANG_WARN_UNREACHABLE_CODE = YES;
				CLANG_WARN__DUPLICATE_METHOD_MATCH = YES;
				COPY_PHASE_STRIP = NO;
				DEBUG_INFORMATION_FORMAT = dwarf;
				ENABLE_STRICT_OBJC_MSGSEND = YES;
				ENABLE_TESTABILITY = YES;
				ENABLE_USER_SCRIPT_SANDBOXING = YES;
				GCC_C_LANGUAGE_STANDARD = gnu17;
				GCC_DYNAMIC_NO_PIC = NO;
				GCC_NO_COMMON_BLOCKS = YES;
				GCC_OPTIMIZATION_LEVEL = 0;
				GCC_PREPROCESSOR_DEFINITIONS = (
					"DEBUG=1",
					"$(inherited)",
				);
				GCC_WARN_64_TO_32_BIT_CONVERSION = YES;
				GCC_WARN_ABOUT_RETURN_TYPE = YES_ERROR;
				GCC_WARN_UNDECLARED_SELECTOR = YES;
				GCC_WARN_UNINITIALIZED_AUTOS = YES_AGGRESSIVE;
				GCC_WARN_UNUSED_FUNCTION = YES;
				GCC_WARN_UNUSED_VARIABLE = YES;
				IPHONEOS_DEPLOYMENT_TARGET = 18.1;
				LOCALIZATION_PREFERS_STRING_CATALOGS = YES;
				MTL_ENABLE_DEBUG_INFO = INCLUDE_SOURCE;
				MTL_FAST_MATH = YES;
				ONLY_ACTIVE_ARCH = YES;
				SDKROOT = iphoneos;
				SWIFT_ACTIVE_COMPILATION_CONDITIONS = "DEBUG $(inherited)";
				SWIFT_OPTIMIZATION_LEVEL = "-Onone";
			};
			name = Debug;
		};
		03EFA0CC2CDE683C0090FBC5 /* Release */ = {
			isa = XCBuildConfiguration;
			buildSettings = {
				ALWAYS_SEARCH_USER_PATHS = NO;
				ASSETCATALOG_COMPILER_GENERATE_SWIFT_ASSET_SYMBOL_EXTENSIONS = YES;
				CLANG_ANALYZER_NONNULL = YES;
				CLANG_ANALYZER_NUMBER_OBJECT_CONVERSION = YES_AGGRESSIVE;
				CLANG_CXX_LANGUAGE_STANDARD = "gnu++20";
				CLANG_ENABLE_MODULES = YES;
				CLANG_ENABLE_OBJC_ARC = YES;
				CLANG_ENABLE_OBJC_WEAK = YES;
				CLANG_WARN_BLOCK_CAPTURE_AUTORELEASING = YES;
				CLANG_WARN_BOOL_CONVERSION = YES;
				CLANG_WARN_COMMA = YES;
				CLANG_WARN_CONSTANT_CONVERSION = YES;
				CLANG_WARN_DEPRECATED_OBJC_IMPLEMENTATIONS = YES;
				CLANG_WARN_DIRECT_OBJC_ISA_USAGE = YES_ERROR;
				CLANG_WARN_DOCUMENTATION_COMMENTS = YES;
				CLANG_WARN_EMPTY_BODY = YES;
				CLANG_WARN_ENUM_CONVERSION = YES;
				CLANG_WARN_INFINITE_RECURSION = YES;
				CLANG_WARN_INT_CONVERSION = YES;
				CLANG_WARN_NON_LITERAL_NULL_CONVERSION = YES;
				CLANG_WARN_OBJC_IMPLICIT_RETAIN_SELF = YES;
				CLANG_WARN_OBJC_LITERAL_CONVERSION = YES;
				CLANG_WARN_OBJC_ROOT_CLASS = YES_ERROR;
				CLANG_WARN_QUOTED_INCLUDE_IN_FRAMEWORK_HEADER = YES;
				CLANG_WARN_RANGE_LOOP_ANALYSIS = YES;
				CLANG_WARN_STRICT_PROTOTYPES = YES;
				CLANG_WARN_SUSPICIOUS_MOVE = YES;
				CLANG_WARN_UNGUARDED_AVAILABILITY = YES_AGGRESSIVE;
				CLANG_WARN_UNREACHABLE_CODE = YES;
				CLANG_WARN__DUPLICATE_METHOD_MATCH = YES;
				COPY_PHASE_STRIP = NO;
				DEBUG_INFORMATION_FORMAT = "dwarf-with-dsym";
				ENABLE_NS_ASSERTIONS = NO;
				ENABLE_STRICT_OBJC_MSGSEND = YES;
				ENABLE_USER_SCRIPT_SANDBOXING = YES;
				GCC_C_LANGUAGE_STANDARD = gnu17;
				GCC_NO_COMMON_BLOCKS = YES;
				GCC_WARN_64_TO_32_BIT_CONVERSION = YES;
				GCC_WARN_ABOUT_RETURN_TYPE = YES_ERROR;
				GCC_WARN_UNDECLARED_SELECTOR = YES;
				GCC_WARN_UNINITIALIZED_AUTOS = YES_AGGRESSIVE;
				GCC_WARN_UNUSED_FUNCTION = YES;
				GCC_WARN_UNUSED_VARIABLE = YES;
				IPHONEOS_DEPLOYMENT_TARGET = 18.1;
				LOCALIZATION_PREFERS_STRING_CATALOGS = YES;
				MTL_ENABLE_DEBUG_INFO = NO;
				MTL_FAST_MATH = YES;
				SDKROOT = iphoneos;
				SWIFT_COMPILATION_MODE = wholemodule;
				VALIDATE_PRODUCT = YES;
			};
			name = Release;
		};
		03EFA0CE2CDE683C0090FBC5 /* Debug */ = {
			isa = XCBuildConfiguration;
			buildSettings = {
				ASSETCATALOG_COMPILER_APPICON_NAME = AppIcon;
				ASSETCATALOG_COMPILER_GLOBAL_ACCENT_COLOR_NAME = AccentColor;
				CODE_SIGN_STYLE = Automatic;
				CURRENT_PROJECT_VERSION = 1;
				DEVELOPMENT_ASSET_PATHS = "\"SleepEase/Preview Content\"";
				ENABLE_PREVIEWS = YES;
				GENERATE_INFOPLIST_FILE = YES;
				INFOPLIST_KEY_UIApplicationSceneManifest_Generation = YES;
				INFOPLIST_KEY_UIApplicationSupportsIndirectInputEvents = YES;
				INFOPLIST_KEY_UILaunchScreen_Generation = YES;
				INFOPLIST_KEY_UISupportedInterfaceOrientations_iPad = "UIInterfaceOrientationPortrait UIInterfaceOrientationPortraitUpsideDown UIInterfaceOrientationLandscapeLeft UIInterfaceOrientationLandscapeRight";
				INFOPLIST_KEY_UISupportedInterfaceOrientations_iPhone = "UIInterfaceOrientationPortrait UIInterfaceOrientationLandscapeLeft UIInterfaceOrientationLandscapeRight";
				LD_RUNPATH_SEARCH_PATHS = (
					"$(inherited)",
					"@executable_path/Frameworks",
				);
				MARKETING_VERSION = 1.0;
				PRODUCT_BUNDLE_IDENTIFIER = "swift-101.SleepEase";
				PRODUCT_NAME = "$(TARGET_NAME)";
				SWIFT_EMIT_LOC_STRINGS = YES;
				SWIFT_VERSION = 5.0;
				TARGETED_DEVICE_FAMILY = "1,2";
			};
			name = Debug;
		};
		03EFA0CF2CDE683C0090FBC5 /* Release */ = {
			isa = XCBuildConfiguration;
			buildSettings = {
				ASSETCATALOG_COMPILER_APPICON_NAME = AppIcon;
				ASSETCATALOG_COMPILER_GLOBAL_ACCENT_COLOR_NAME = AccentColor;
				CODE_SIGN_STYLE = Automatic;
				CURRENT_PROJECT_VERSION = 1;
				DEVELOPMENT_ASSET_PATHS = "\"SleepEase/Preview Content\"";
				ENABLE_PREVIEWS = YES;
				GENERATE_INFOPLIST_FILE = YES;
				INFOPLIST_KEY_UIApplicationSceneManifest_Generation = YES;
				INFOPLIST_KEY_UIApplicationSupportsIndirectInputEvents = YES;
				INFOPLIST_KEY_UILaunchScreen_Generation = YES;
				INFOPLIST_KEY_UISupportedInterfaceOrientations_iPad = "UIInterfaceOrientationPortrait UIInterfaceOrientationPortraitUpsideDown UIInterfaceOrientationLandscapeLeft UIInterfaceOrientationLandscapeRight";
				INFOPLIST_KEY_UISupportedInterfaceOrientations_iPhone = "UIInterfaceOrientationPortrait UIInterfaceOrientationLandscapeLeft UIInterfaceOrientationLandscapeRight";
				LD_RUNPATH_SEARCH_PATHS = (
					"$(inherited)",
					"@executable_path/Frameworks",
				);
				MARKETING_VERSION = 1.0;
				PRODUCT_BUNDLE_IDENTIFIER = "swift-101.SleepEase";
				PRODUCT_NAME = "$(TARGET_NAME)";
				SWIFT_EMIT_LOC_STRINGS = YES;
				SWIFT_VERSION = 5.0;
				TARGETED_DEVICE_FAMILY = "1,2";
			};
			name = Release;
		};
		03EFA0D12CDE683C0090FBC5 /* Debug */ = {
			isa = XCBuildConfiguration;
			buildSettings = {
				BUNDLE_LOADER = "$(TEST_HOST)";
				CODE_SIGN_STYLE = Automatic;
				CURRENT_PROJECT_VERSION = 1;
				GENERATE_INFOPLIST_FILE = YES;
				IPHONEOS_DEPLOYMENT_TARGET = 18.1;
				MARKETING_VERSION = 1.0;
				PRODUCT_BUNDLE_IDENTIFIER = "swift-101.SleepEaseTests";
				PRODUCT_NAME = "$(TARGET_NAME)";
				SWIFT_EMIT_LOC_STRINGS = NO;
				SWIFT_VERSION = 5.0;
				TARGETED_DEVICE_FAMILY = "1,2";
				TEST_HOST = "$(BUILT_PRODUCTS_DIR)/SleepEase.app/$(BUNDLE_EXECUTABLE_FOLDER_PATH)/SleepEase";
			};
			name = Debug;
		};
		03EFA0D22CDE683C0090FBC5 /* Release */ = {
			isa = XCBuildConfiguration;
			buildSettings = {
				BUNDLE_LOADER = "$(TEST_HOST)";
				CODE_SIGN_STYLE = Automatic;
				CURRENT_PROJECT_VERSION = 1;
				GENERATE_INFOPLIST_FILE = YES;
				IPHONEOS_DEPLOYMENT_TARGET = 18.1;
				MARKETING_VERSION = 1.0;
				PRODUCT_BUNDLE_IDENTIFIER = "swift-101.SleepEaseTests";
				PRODUCT_NAME = "$(TARGET_NAME)";
				SWIFT_EMIT_LOC_STRINGS = NO;
				SWIFT_VERSION = 5.0;
				TARGETED_DEVICE_FAMILY = "1,2";
				TEST_HOST = "$(BUILT_PRODUCTS_DIR)/SleepEase.app/$(BUNDLE_EXECUTABLE_FOLDER_PATH)/SleepEase";
			};
			name = Release;
		};
		03EFA0D42CDE683C0090FBC5 /* Debug */ = {
			isa = XCBuildConfiguration;
			buildSettings = {
				CODE_SIGN_STYLE = Automatic;
				CURRENT_PROJECT_VERSION = 1;
				GENERATE_INFOPLIST_FILE = YES;
				MARKETING_VERSION = 1.0;
				PRODUCT_BUNDLE_IDENTIFIER = "swift-101.SleepEaseUITests";
				PRODUCT_NAME = "$(TARGET_NAME)";
				SWIFT_EMIT_LOC_STRINGS = NO;
				SWIFT_VERSION = 5.0;
				TARGETED_DEVICE_FAMILY = "1,2";
				TEST_TARGET_NAME = SleepEase;
			};
			name = Debug;
		};
		03EFA0D52CDE683C0090FBC5 /* Release */ = {
			isa = XCBuildConfiguration;
			buildSettings = {
				CODE_SIGN_STYLE = Automatic;
				CURRENT_PROJECT_VERSION = 1;
				GENERATE_INFOPLIST_FILE = YES;
				MARKETING_VERSION = 1.0;
				PRODUCT_BUNDLE_IDENTIFIER = "swift-101.SleepEaseUITests";
				PRODUCT_NAME = "$(TARGET_NAME)";
				SWIFT_EMIT_LOC_STRINGS = NO;
				SWIFT_VERSION = 5.0;
				TARGETED_DEVICE_FAMILY = "1,2";
				TEST_TARGET_NAME = SleepEase;
			};
			name = Release;
		};
/* End XCBuildConfiguration section */

/* Begin XCConfigurationList section */
		03EFA0A42CDE683B0090FBC5 /* Build configuration list for PBXProject "SleepEase" */ = {
			isa = XCConfigurationList;
			buildConfigurations = (
				03EFA0CB2CDE683C0090FBC5 /* Debug */,
				03EFA0CC2CDE683C0090FBC5 /* Release */,
			);
			defaultConfigurationIsVisible = 0;
			defaultConfigurationName = Release;
		};
		03EFA0CD2CDE683C0090FBC5 /* Build configuration list for PBXNativeTarget "SleepEase" */ = {
			isa = XCConfigurationList;
			buildConfigurations = (
				03EFA0CE2CDE683C0090FBC5 /* Debug */,
				03EFA0CF2CDE683C0090FBC5 /* Release */,
			);
			defaultConfigurationIsVisible = 0;
			defaultConfigurationName = Release;
		};
		03EFA0D02CDE683C0090FBC5 /* Build configuration list for PBXNativeTarget "SleepEaseTests" */ = {
			isa = XCConfigurationList;
			buildConfigurations = (
				03EFA0D12CDE683C0090FBC5 /* Debug */,
				03EFA0D22CDE683C0090FBC5 /* Release */,
			);
			defaultConfigurationIsVisible = 0;
			defaultConfigurationName = Release;
		};
		03EFA0D32CDE683C0090FBC5 /* Build configuration list for PBXNativeTarget "SleepEaseUITests" */ = {
			isa = XCConfigurationList;
			buildConfigurations = (
				03EFA0D42CDE683C0090FBC5 /* Debug */,
				03EFA0D52CDE683C0090FBC5 /* Release */,
			);
			defaultConfigurationIsVisible = 0;
			defaultConfigurationName = Release;
		};
/* End XCConfigurationList section */
	};
	rootObject = 03EFA0A12CDE683B0090FBC5 /* Project object */;
}
